
Microsoft Visual Studio Solution File, Format Version 12.00
# Visual Studio Version 16
VisualStudioVersion = 16.0.30907.101
MinimumVisualStudioVersion = 10.0.40219.1
Project("{FAE04EC0-301F-11D3-BF4B-00C04F79EFBC}") = "Cloudbot Giveaway Parser", "Cloudbot Giveaway Parser\Cloudbot Giveaway Parser.csproj", "{02840E23-462A-44EA-B4DD-5446010A5DF9}"
EndProject
Global
	GlobalSection(SolutionConfigurationPlatforms) = preSolution
		Debug|Any CPU = Debug|Any CPU
		Release|Any CPU = Release|Any CPU
	EndGlobalSection
	GlobalSection(ProjectConfigurationPlatforms) = postSolution
		{02840E23-462A-44EA-B4DD-5446010A5DF9}.Debug|Any CPU.ActiveCfg = Debug|Any CPU
		{02840E23-462A-44EA-B4DD-5446010A5DF9}.Debug|Any CPU.Build.0 = Debug|Any CPU
		{02840E23-462A-44EA-B4DD-5446010A5DF9}.Release|Any CPU.ActiveCfg = Release|Any CPU
		{02840E23-462A-44EA-B4DD-5446010A5DF9}.Release|Any CPU.Build.0 = Release|Any CPU
	EndGlobalSection
	GlobalSection(SolutionProperties) = preSolution
		HideSolutionNode = FALSE
	EndGlobalSection
	GlobalSection(ExtensibilityGlobals) = postSolution
		SolutionGuid = {26AB159D-BDE1-47BD-82FA-77B9458033EA}
	EndGlobalSection
EndGlobal
